
Microsoft Visual Studio Solution File, Format Version 12.00
# Visual Studio Version 16
VisualStudioVersion = 16.0.30503.244
MinimumVisualStudioVersion = 10.0.40219.1
Project("{9A19103F-16F7-4668-BE54-9A1E7A4F7556}") = "WebRequests", "WebRequests\WebRequests.csproj", "{78C13C0D-CA32-4569-B96C-5BA55409545F}"
EndProject
Global
	GlobalSection(SolutionConfigurationPlatforms) = preSolution
		Debug|Any CPU = Debug|Any CPU
		Release|Any CPU = Release|Any CPU
	EndGlobalSection
	GlobalSection(ProjectConfigurationPlatforms) = postSolution
		{78C13C0D-CA32-4569-B96C-5BA55409545F}.Debug|Any CPU.ActiveCfg = Debug|Any CPU
		{78C13C0D-CA32-4569-B96C-5BA55409545F}.Debug|Any CPU.Build.0 = Debug|Any CPU
		{78C13C0D-CA32-4569-B96C-5BA55409545F}.Release|Any CPU.ActiveCfg = Release|Any CPU
		{78C13C0D-CA32-4569-B96C-5BA55409545F}.Release|Any CPU.Build.0 = Release|Any CPU
	EndGlobalSection
	GlobalSection(SolutionProperties) = preSolution
		HideSolutionNode = FALSE
	EndGlobalSection
	GlobalSection(ExtensibilityGlobals) = postSolution
		SolutionGuid = {187B7AF1-F8BC-40C4-916E-1BA66D247F9F}
	EndGlobalSection
EndGlobal
